
Microsoft Visual Studio Solution File, Format Version 12.00
# Visual Studio Version 17
VisualStudioVersion = 17.11.35219.272
MinimumVisualStudioVersion = 10.0.40219.1
Project("{9A19103F-16F7-4668-BE54-9A1E7A4F7556}") = "AppLogin", "AppLogin\AppLogin.csproj", "{F47E84B8-6080-4405-AF2E-BFB46027D9D9}"
EndProject
Global
	GlobalSection(SolutionConfigurationPlatforms) = preSolution
		Debug|Any CPU = Debug|Any CPU
		Release|Any CPU = Release|Any CPU
	EndGlobalSection
	GlobalSection(ProjectConfigurationPlatforms) = postSolution
		{F47E84B8-6080-4405-AF2E-BFB46027D9D9}.Debug|Any CPU.ActiveCfg = Debug|Any CPU
		{F47E84B8-6080-4405-AF2E-BFB46027D9D9}.Debug|Any CPU.Build.0 = Debug|Any CPU
		{F47E84B8-6080-4405-AF2E-BFB46027D9D9}.Release|Any CPU.ActiveCfg = Release|Any CPU
		{F47E84B8-6080-4405-AF2E-BFB46027D9D9}.Release|Any CPU.Build.0 = Release|Any CPU
	EndGlobalSection
	GlobalSection(SolutionProperties) = preSolution
		HideSolutionNode = FALSE
	EndGlobalSection
	GlobalSection(ExtensibilityGlobals) = postSolution
		SolutionGuid = {C09A12E1-9EAD-486A-8B74-F1462E416CF7}
	EndGlobalSection
EndGlobal
